{
  "name": "Nicer_Website",
  "lockfileVersion": 3,
  "requires": true,
  "packages": {
    "": {
      "dependencies": {
        "plotly.js-dist-min": "^2.18.2"
      }
    },
    "node_modules/plotly.js-dist-min": {
      "version": "2.18.2",
      "resolved": "https://registry.npmjs.org/plotly.js-dist-min/-/plotly.js-dist-min-2.18.2.tgz",
      "integrity": "sha512-1XPu4ykjDUavENN/guKcMC4XqzTP1712ccEO95sflXnVcRUyruYQYc4XsXi9yF5UwvOHKZMeH0fGK6j/jv89kw=="
    }
  }
}
